# THIS IS AN AUTOGENERATED FILE. DO NOT EDIT THIS FILE DIRECTLY.
# yarn lockfile v1


"@lancejpollard/pretty-compact-json.js@^0.1.2":
  version "0.1.2"
  resolved "https://registry.yarnpkg.com/@lancejpollard/pretty-compact-json.js/-/pretty-compact-json.js-0.1.2.tgz#ac5fc9b2014265518884f3b8ee1f0dc362594032"
  integrity sha512-aEVLngVlPudphBqIKJJFtcWJc6LhnIXy5OXHrzoVlKTJdlXroPPrDapFHQjxgkTwYXOc/D/elmUAtbvfv3iwhw==
